
Microsoft Visual Studio Solution File, Format Version 12.00
# Visual Studio Version 17
VisualStudioVersion = 17.0.31903.59
MinimumVisualStudioVersion = 10.0.40219.1
Project("{2150E333-8FDC-42A3-9474-1A3956D46DE8}") = "src", "src", "{0CF16E55-E117-463E-A159-2FB5295F46EE}"
EndProject
Project("{FAE04EC0-301F-11D3-BF4B-00C04F79EFBC}") = "BatteryWeldAOI.Core", "src\BatteryWeldAOI.Core\BatteryWeldAOI.Core.csproj", "{7AD41C5A-9525-4A7C-8484-579DA0B6C7CA}"
EndProject
Project("{2150E333-8FDC-42A3-9474-1A3956D46DE8}") = "tests", "tests", "{25F9F1C7-0F10-42BB-A52E-3CD694181FCD}"
EndProject
Project("{FAE04EC0-301F-11D3-BF4B-00C04F79EFBC}") = "BatteryWeldAOI.Core.Tests", "tests\BatteryWeldAOI.Core.Tests\BatteryWeldAOI.Core.Tests.csproj", "{0C4D1997-8AB0-4C2C-82F5-919327CF9196}"
EndProject
Project("{FAE04EC0-301F-11D3-BF4B-00C04F79EFBC}") = "BatteryWeldAOI.App", "src\BatteryWeldAOI.App\BatteryWeldAOI.App.csproj", "{0C8F05A7-E989-46EF-B13C-A17170CC52DB}"
EndProject
Project("{FAE04EC0-301F-11D3-BF4B-00C04F79EFBC}") = "BatteryWeldAOI.Wpf", "src\BatteryWeldAOI.Wpf\BatteryWeldAOI.Wpf.csproj", "{F80A6394-2CDD-440F-AB64-24BBCF5EE677}"
EndProject
Project("{2150E333-8FDC-42A3-9474-1A3956D46DE8}") = "tools", "tools", "{07C2787E-EAC7-C090-1BA3-A61EC2A24D84}"
EndProject
Project("{FAE04EC0-301F-11D3-BF4B-00C04F79EFBC}") = "MakeDemoVideo", "tools\MakeDemoVideo\MakeDemoVideo.csproj", "{731FF218-BDED-46F3-AE6C-51713C01DCC4}"
EndProject
Project("{FAE04EC0-301F-11D3-BF4B-00C04F79EFBC}") = "VdbImport", "tools\VdbImport\VdbImport.csproj", "{3F5C9A21-7B4E-4D88-9C16-2E7A4B0D5F31}"
EndProject
Global
	GlobalSection(SolutionConfigurationPlatforms) = preSolution
		Debug|Any CPU = Debug|Any CPU
		Debug|x64 = Debug|x64
		Debug|x86 = Debug|x86
		Release|Any CPU = Release|Any CPU
		Release|x64 = Release|x64
		Release|x86 = Release|x86
	EndGlobalSection
	GlobalSection(ProjectConfigurationPlatforms) = postSolution
		{7AD41C5A-9525-4A7C-8484-579DA0B6C7CA}.Debug|Any CPU.ActiveCfg = Debug|Any CPU
		{7AD41C5A-9525-4A7C-8484-579DA0B6C7CA}.Debug|Any CPU.Build.0 = Debug|Any CPU
		{7AD41C5A-9525-4A7C-8484-579DA0B6C7CA}.Debug|x64.ActiveCfg = Debug|Any CPU
		{7AD41C5A-9525-4A7C-8484-579DA0B6C7CA}.Debug|x64.Build.0 = Debug|Any CPU
		{7AD41C5A-9525-4A7C-8484-579DA0B6C7CA}.Debug|x86.ActiveCfg = Debug|Any CPU
		{7AD41C5A-9525-4A7C-8484-579DA0B6C7CA}.Debug|x86.Build.0 = Debug|Any CPU
		{7AD41C5A-9525-4A7C-8484-579DA0B6C7CA}.Release|Any CPU.ActiveCfg = Release|Any CPU
		{7AD41C5A-9525-4A7C-8484-579DA0B6C7CA}.Release|Any CPU.Build.0 = Release|Any CPU
		{7AD41C5A-9525-4A7C-8484-579DA0B6C7CA}.Release|x64.ActiveCfg = Release|Any CPU
		{7AD41C5A-9525-4A7C-8484-579DA0B6C7CA}.Release|x64.Build.0 = Release|Any CPU
		{7AD41C5A-9525-4A7C-8484-579DA0B6C7CA}.Release|x86.ActiveCfg = Release|Any CPU
		{7AD41C5A-9525-4A7C-8484-579DA0B6C7CA}.Release|x86.Build.0 = Release|Any CPU
		{0C4D1997-8AB0-4C2C-82F5-919327CF9196}.Debug|Any CPU.ActiveCfg = Debug|Any CPU
		{0C4D1997-8AB0-4C2C-82F5-919327CF9196}.Debug|Any CPU.Build.0 = Debug|Any CPU
		{0C4D1997-8AB0-4C2C-82F5-919327CF9196}.Debug|x64.ActiveCfg = Debug|Any CPU
		{0C4D1997-8AB0-4C2C-82F5-919327CF9196}.Debug|x64.Build.0 = Debug|Any CPU
		{0C4D1997-8AB0-4C2C-82F5-919327CF9196}.Debug|x86.ActiveCfg = Debug|Any CPU
		{0C4D1997-8AB0-4C2C-82F5-919327CF9196}.Debug|x86.Build.0 = Debug|Any CPU
		{0C4D1997-8AB0-4C2C-82F5-919327CF9196}.Release|Any CPU.ActiveCfg = Release|Any CPU
		{0C4D1997-8AB0-4C2C-82F5-919327CF9196}.Release|Any CPU.Build.0 = Release|Any CPU
		{0C4D1997-8AB0-4C2C-82F5-919327CF9196}.Release|x64.ActiveCfg = Release|Any CPU
		{0C4D1997-8AB0-4C2C-82F5-919327CF9196}.Release|x64.Build.0 = Release|Any CPU
		{0C4D1997-8AB0-4C2C-82F5-919327CF9196}.Release|x86.ActiveCfg = Release|Any CPU
		{0C4D1997-8AB0-4C2C-82F5-919327CF9196}.Release|x86.Build.0 = Release|Any CPU
		{0C8F05A7-E989-46EF-B13C-A17170CC52DB}.Debug|Any CPU.ActiveCfg = Debug|Any CPU
		{0C8F05A7-E989-46EF-B13C-A17170CC52DB}.Debug|Any CPU.Build.0 = Debug|Any CPU
		{0C8F05A7-E989-46EF-B13C-A17170CC52DB}.Debug|x64.ActiveCfg = Debug|Any CPU
		{0C8F05A7-E989-46EF-B13C-A17170CC52DB}.Debug|x64.Build.0 = Debug|Any CPU
		{0C8F05A7-E989-46EF-B13C-A17170CC52DB}.Debug|x86.ActiveCfg = Debug|Any CPU
		{0C8F05A7-E989-46EF-B13C-A17170CC52DB}.Debug|x86.Build.0 = Debug|Any CPU
		{0C8F05A7-E989-46EF-B13C-A17170CC52DB}.Release|Any CPU.ActiveCfg = Release|Any CPU
		{0C8F05A7-E989-46EF-B13C-A17170CC52DB}.Release|Any CPU.Build.0 = Release|Any CPU
		{0C8F05A7-E989-46EF-B13C-A17170CC52DB}.Release|x64.ActiveCfg = Release|Any CPU
		{0C8F05A7-E989-46EF-B13C-A17170CC52DB}.Release|x64.Build.0 = Release|Any CPU
		{0C8F05A7-E989-46EF-B13C-A17170CC52DB}.Release|x86.ActiveCfg = Release|Any CPU
		{0C8F05A7-E989-46EF-B13C-A17170CC52DB}.Release|x86.Build.0 = Release|Any CPU
		{F80A6394-2CDD-440F-AB64-24BBCF5EE677}.Debug|Any CPU.ActiveCfg = Debug|Any CPU
		{F80A6394-2CDD-440F-AB64-24BBCF5EE677}.Debug|Any CPU.Build.0 = Debug|Any CPU
		{F80A6394-2CDD-440F-AB64-24BBCF5EE677}.Debug|x64.ActiveCfg = Debug|Any CPU
		{F80A6394-2CDD-440F-AB64-24BBCF5EE677}.Debug|x64.Build.0 = Debug|Any CPU
		{F80A6394-2CDD-440F-AB64-24BBCF5EE677}.Debug|x86.ActiveCfg = Debug|Any CPU
		{F80A6394-2CDD-440F-AB64-24BBCF5EE677}.Debug|x86.Build.0 = Debug|Any CPU
		{F80A6394-2CDD-440F-AB64-24BBCF5EE677}.Release|Any CPU.ActiveCfg = Release|Any CPU
		{F80A6394-2CDD-440F-AB64-24BBCF5EE677}.Release|Any CPU.Build.0 = Release|Any CPU
		{F80A6394-2CDD-440F-AB64-24BBCF5EE677}.Release|x64.ActiveCfg = Release|Any CPU
		{F80A6394-2CDD-440F-AB64-24BBCF5EE677}.Release|x64.Build.0 = Release|Any CPU
		{F80A6394-2CDD-440F-AB64-24BBCF5EE677}.Release|x86.ActiveCfg = Release|Any CPU
		{F80A6394-2CDD-440F-AB64-24BBCF5EE677}.Release|x86.Build.0 = Release|Any CPU
		{731FF218-BDED-46F3-AE6C-51713C01DCC4}.Debug|Any CPU.ActiveCfg = Debug|Any CPU
		{731FF218-BDED-46F3-AE6C-51713C01DCC4}.Debug|Any CPU.Build.0 = Debug|Any CPU
		{731FF218-BDED-46F3-AE6C-51713C01DCC4}.Debug|x64.ActiveCfg = Debug|Any CPU
		{731FF218-BDED-46F3-AE6C-51713C01DCC4}.Debug|x64.Build.0 = Debug|Any CPU
		{731FF218-BDED-46F3-AE6C-51713C01DCC4}.Debug|x86.ActiveCfg = Debug|Any CPU
		{731FF218-BDED-46F3-AE6C-51713C01DCC4}.Debug|x86.Build.0 = Debug|Any CPU
		{731FF218-BDED-46F3-AE6C-51713C01DCC4}.Release|Any CPU.ActiveCfg = Release|Any CPU
		{731FF218-BDED-46F3-AE6C-51713C01DCC4}.Release|Any CPU.Build.0 = Release|Any CPU
		{731FF218-BDED-46F3-AE6C-51713C01DCC4}.Release|x64.ActiveCfg = Release|Any CPU
		{731FF218-BDED-46F3-AE6C-51713C01DCC4}.Release|x64.Build.0 = Release|Any CPU
		{731FF218-BDED-46F3-AE6C-51713C01DCC4}.Release|x86.ActiveCfg = Release|Any CPU
		{731FF218-BDED-46F3-AE6C-51713C01DCC4}.Release|x86.Build.0 = Release|Any CPU
		{3F5C9A21-7B4E-4D88-9C16-2E7A4B0D5F31}.Debug|Any CPU.ActiveCfg = Debug|Any CPU
		{3F5C9A21-7B4E-4D88-9C16-2E7A4B0D5F31}.Debug|Any CPU.Build.0 = Debug|Any CPU
		{3F5C9A21-7B4E-4D88-9C16-2E7A4B0D5F31}.Debug|x64.ActiveCfg = Debug|Any CPU
		{3F5C9A21-7B4E-4D88-9C16-2E7A4B0D5F31}.Debug|x64.Build.0 = Debug|Any CPU
		{3F5C9A21-7B4E-4D88-9C16-2E7A4B0D5F31}.Debug|x86.ActiveCfg = Debug|Any CPU
		{3F5C9A21-7B4E-4D88-9C16-2E7A4B0D5F31}.Debug|x86.Build.0 = Debug|Any CPU
		{3F5C9A21-7B4E-4D88-9C16-2E7A4B0D5F31}.Release|Any CPU.ActiveCfg = Release|Any CPU
		{3F5C9A21-7B4E-4D88-9C16-2E7A4B0D5F31}.Release|Any CPU.Build.0 = Release|Any CPU
		{3F5C9A21-7B4E-4D88-9C16-2E7A4B0D5F31}.Release|x64.ActiveCfg = Release|Any CPU
		{3F5C9A21-7B4E-4D88-9C16-2E7A4B0D5F31}.Release|x64.Build.0 = Release|Any CPU
		{3F5C9A21-7B4E-4D88-9C16-2E7A4B0D5F31}.Release|x86.ActiveCfg = Release|Any CPU
		{3F5C9A21-7B4E-4D88-9C16-2E7A4B0D5F31}.Release|x86.Build.0 = Release|Any CPU
	EndGlobalSection
	GlobalSection(SolutionProperties) = preSolution
		HideSolutionNode = FALSE
	EndGlobalSection
	GlobalSection(NestedProjects) = preSolution
		{7AD41C5A-9525-4A7C-8484-579DA0B6C7CA} = {0CF16E55-E117-463E-A159-2FB5295F46EE}
		{0C4D1997-8AB0-4C2C-82F5-919327CF9196} = {25F9F1C7-0F10-42BB-A52E-3CD694181FCD}
		{0C8F05A7-E989-46EF-B13C-A17170CC52DB} = {0CF16E55-E117-463E-A159-2FB5295F46EE}
		{F80A6394-2CDD-440F-AB64-24BBCF5EE677} = {0CF16E55-E117-463E-A159-2FB5295F46EE}
		{731FF218-BDED-46F3-AE6C-51713C01DCC4} = {07C2787E-EAC7-C090-1BA3-A61EC2A24D84}
		{3F5C9A21-7B4E-4D88-9C16-2E7A4B0D5F31} = {07C2787E-EAC7-C090-1BA3-A61EC2A24D84}
	EndGlobalSection
EndGlobal
